// !$*UTF8*$!
{
	archiveVersion = 1;
	classes = {
	};
	objectVersion = 77;
	objects = {

/* Begin PBXBuildFile section */
		B5C792D42F572DC800CCDA3A /* WidgetKit.framework in Frameworks */ = {isa = PBXBuildFile; fileRef = B5C792D32F572DC800CCDA3A /* WidgetKit.framework */; };
		B5C792D62F572DC800CCDA3A /* SwiftUI.framework in Frameworks */ = {isa = PBXBuildFile; fileRef = B5C792D52F572DC800CCDA3A /* SwiftUI.framework */; };
		B5C792E32F572DCA00CCDA3A /* TimerLiveActivityExtension.appex in Embed Foundation Extensions */ = {isa = PBXBuildFile; fileRef = B5C792D12F572DC800CCDA3A /* TimerLiveActivityExtension.appex */; settings = {ATTRIBUTES = (RemoveHeadersOnCopy, ); }; };
/* End PBXBuildFile section */

/* Begin PBXContainerItemProxy section */
		B5C792E12F572DCA00CCDA3A /* PBXContainerItemProxy */ = {
			isa = PBXContainerItemProxy;
			containerPortal = B5DA87942F1FC723002700F9 /* Project object */;
			proxyType = 1;
			remoteGlobalIDString = B5C792D02F572DC800CCDA3A;
			remoteInfo = TimerLiveActivityExtension;
		};
		B5FD860D2F3A2C2D00268CEB /* PBXContainerItemProxy */ = {
			isa = PBXContainerItemProxy;
			containerPortal = B5DA87942F1FC723002700F9 /* Project object */;
			proxyType = 1;
			remoteGlobalIDString = B5DA879B2F1FC723002700F9;
			remoteInfo = ClockApp;
		};
/* End PBXContainerItemProxy section */

/* Begin PBXCopyFilesBuildPhase section */
		B5C792E82F572DCA00CCDA3A /* Embed Foundation Extensions */ = {
			isa = PBXCopyFilesBuildPhase;
			buildActionMask = 2147483647;
			dstPath = "";
			dstSubfolderSpec = 13;
			files = (
				B5C792E32F572DCA00CCDA3A /* TimerLiveActivityExtension.appex in Embed Foundation Extensions */,
			);
			name = "Embed Foundation Extensions";
			runOnlyForDeploymentPostprocessing = 0;
		};
/* End PBXCopyFilesBuildPhase section */

/* Begin PBXFileReference section */
		B5C792D12F572DC800CCDA3A /* TimerLiveActivityExtension.appex */ = {isa = PBXFileReference; explicitFileType = "wrapper.app-extension"; includeInIndex = 0; path = TimerLiveActivityExtension.appex; sourceTree = BUILT_PRODUCTS_DIR; };
		B5C792D32F572DC800CCDA3A /* WidgetKit.framework */ = {isa = PBXFileReference; lastKnownFileType = wrapper.framework; name = WidgetKit.framework; path = System/Library/Frameworks/WidgetKit.framework; sourceTree = SDKROOT; };
		B5C792D52F572DC800CCDA3A /* SwiftUI.framework */ = {isa = PBXFileReference; lastKnownFileType = wrapper.framework; name = SwiftUI.framework; path = System/Library/Frameworks/SwiftUI.framework; sourceTree = SDKROOT; };
		B5DA879C2F1FC723002700F9 /* ClockApp.app */ = {isa = PBXFileReference; explicitFileType = wrapper.application; includeInIndex = 0; path = ClockApp.app; sourceTree = BUILT_PRODUCTS_DIR; };
		B5FD86092F3A2C2D00268CEB /* ClockAppTests.xctest */ = {isa = PBXFileReference; explicitFileType = wrapper.cfbundle; includeInIndex = 0; path = ClockAppTests.xctest; sourceTree = BUILT_PRODUCTS_DIR; };
/* End PBXFileReference section */

/* Begin PBXFileSystemSynchronizedBuildFileExceptionSet section */
		B5C792E42F572DCA00CCDA3A /* Exceptions for "TimerLiveActivity" folder in "TimerLiveActivityExtension" target */ = {
			isa = PBXFileSystemSynchronizedBuildFileExceptionSet;
			membershipExceptions = (
				Info.plist,
			);
			target = B5C792D02F572DC800CCDA3A /* TimerLiveActivityExtension */;
		};
		B5C792EA2F572E0800CCDA3A /* Exceptions for "ClockApp" folder in "TimerLiveActivityExtension" target */ = {
			isa = PBXFileSystemSynchronizedBuildFileExceptionSet;
			membershipExceptions = (
				Timers/Domain/Entities/TimerLiveActivityProgressProvider.swift,
				Timers/Domain/Entities/TimerProgressSnapshot.swift,
				Timers/Domain/Interfaces/TimerProgressProviding.swift,
				Timers/Presentation/Views/Components/TimerProgressRing.swift,
				Timers/Presentation/Views/Styles/ClockTimerStyle.swift,
				Timers/Presentation/Views/Styles/TimerProgressRingStyle.swift,
				Timers/Shared/AppIntents/TimerAlertCommandCenter.swift,
				Timers/Shared/AppIntents/TimerLiveActivityCommandCenter.swift,
				Timers/Shared/LiveActivities/TimerAttributes.swift,
				Timers/Shared/Views/Alert/BellView.swift,
				Timers/Shared/Views/Alert/TimerTitle.swift,
				Timers/Shared/Views/CompactRemainingTime.swift,
				Timers/Shared/Views/DynamicIsland/Controls/DismissButton.swift,
				Timers/Shared/Views/DynamicIsland/Controls/PauseResumeButtonsView.swift,
				Timers/Shared/Views/DynamicIsland/Minimal/TimerProgressRingView.swift,
				Timers/Shared/Views/DynamicIsland/SmallTimerTitle.swift,
				Timers/Shared/Views/ExpandedRemainingTimeView.swift,
				Timers/Shared/Views/Helpers/LiveActivityTimerFormatting.swift,
				Timers/Shared/Views/Helpers/TimerControlButton.swift,
				Timers/Shared/Views/LockScreenTimerLiveActivityView.swift,
			);
			target = B5C792D02F572DC800CCDA3A /* TimerLiveActivityExtension */;
		};
/* End PBXFileSystemSynchronizedBuildFileExceptionSet section */

/* Begin PBXFileSystemSynchronizedRootGroup section */
		B5C792D72F572DC800CCDA3A /* TimerLiveActivity */ = {
			isa = PBXFileSystemSynchronizedRootGroup;
			exceptions = (
				B5C792E42F572DCA00CCDA3A /* Exceptions for "TimerLiveActivity" folder in "TimerLiveActivityExtension" target */,
			);
			path = TimerLiveActivity;
			sourceTree = "<group>";
		};
		B5DA879E2F1FC723002700F9 /* ClockApp */ = {
			isa = PBXFileSystemSynchronizedRootGroup;
			exceptions = (
				B5C792EA2F572E0800CCDA3A /* Exceptions for "ClockApp" folder in "TimerLiveActivityExtension" target */,
			);
			path = ClockApp;
			sourceTree = "<group>";
		};
		B5FD860A2F3A2C2D00268CEB /* ClockAppTests */ = {
			isa = PBXFileSystemSynchronizedRootGroup;
			path = ClockAppTests;
			sourceTree = "<group>";
		};
/* End PBXFileSystemSynchronizedRootGroup section */

/* Begin PBXFrameworksBuildPhase section */
		B5C792CE2F572DC800CCDA3A /* Frameworks */ = {
			isa = PBXFrameworksBuildPhase;
			buildActionMask = 2147483647;
			files = (
				B5C792D62F572DC800CCDA3A /* SwiftUI.framework in Frameworks */,
				B5C792D42F572DC800CCDA3A /* WidgetKit.framework in Frameworks */,
			);
			runOnlyForDeploymentPostprocessing = 0;
		};
		B5DA87992F1FC723002700F9 /* Frameworks */ = {
			isa = PBXFrameworksBuildPhase;
			buildActionMask = 2147483647;
			files = (
			);
			runOnlyForDeploymentPostprocessing = 0;
		};
		B5FD86062F3A2C2D00268CEB /* Frameworks */ = {
			isa = PBXFrameworksBuildPhase;
			buildActionMask = 2147483647;
			files = (
			);
			runOnlyForDeploymentPostprocessing = 0;
		};
/* End PBXFrameworksBuildPhase section */

/* Begin PBXGroup section */
		B5C792D22F572DC800CCDA3A /* Frameworks */ = {
			isa = PBXGroup;
			children = (
				B5C792D32F572DC800CCDA3A /* WidgetKit.framework */,
				B5C792D52F572DC800CCDA3A /* SwiftUI.framework */,
			);
			name = Frameworks;
			sourceTree = "<group>";
		};
		B5DA87932F1FC723002700F9 = {
			isa = PBXGroup;
			children = (
				B5DA879E2F1FC723002700F9 /* ClockApp */,
				B5FD860A2F3A2C2D00268CEB /* ClockAppTests */,
				B5C792D72F572DC800CCDA3A /* TimerLiveActivity */,
				B5C792D22F572DC800CCDA3A /* Frameworks */,
				B5DA879D2F1FC723002700F9 /* Products */,
			);
			sourceTree = "<group>";
		};
		B5DA879D2F1FC723002700F9 /* Products */ = {
			isa = PBXGroup;
			children = (
				B5DA879C2F1FC723002700F9 /* ClockApp.app */,
				B5FD86092F3A2C2D00268CEB /* ClockAppTests.xctest */,
				B5C792D12F572DC800CCDA3A /* TimerLiveActivityExtension.appex */,
			);
			name = Products;
			sourceTree = "<group>";
		};
/* End PBXGroup section */

/* Begin PBXNativeTarget section */
		B5C792D02F572DC800CCDA3A /* TimerLiveActivityExtension */ = {
			isa = PBXNativeTarget;
			buildConfigurationList = B5C792E52F572DCA00CCDA3A /* Build configuration list for PBXNativeTarget "TimerLiveActivityExtension" */;
			buildPhases = (
				B5C792CD2F572DC800CCDA3A /* Sources */,
				B5C792CE2F572DC800CCDA3A /* Frameworks */,
				B5C792CF2F572DC800CCDA3A /* Resources */,
			);
			buildRules = (
			);
			dependencies = (
			);
			fileSystemSynchronizedGroups = (
				B5C792D72F572DC800CCDA3A /* TimerLiveActivity */,
			);
			name = TimerLiveActivityExtension;
			packageProductDependencies = (
			);
			productName = TimerLiveActivityExtension;
			productReference = B5C792D12F572DC800CCDA3A /* TimerLiveActivityExtension.appex */;
			productType = "com.apple.product-type.app-extension";
		};
		B5DA879B2F1FC723002700F9 /* ClockApp */ = {
			isa = PBXNativeTarget;
			buildConfigurationList = B5DA87A72F1FC724002700F9 /* Build configuration list for PBXNativeTarget "ClockApp" */;
			buildPhases = (
				B5DA87982F1FC723002700F9 /* Sources */,
				B5DA87992F1FC723002700F9 /* Frameworks */,
				B5DA879A2F1FC723002700F9 /* Resources */,
				B5C792E82F572DCA00CCDA3A /* Embed Foundation Extensions */,
			);
			buildRules = (
			);
			dependencies = (
				B5C792E22F572DCA00CCDA3A /* PBXTargetDependency */,
			);
			fileSystemSynchronizedGroups = (
				B5DA879E2F1FC723002700F9 /* ClockApp */,
			);
			name = ClockApp;
			packageProductDependencies = (
			);
			productName = ClockApp;
			productReference = B5DA879C2F1FC723002700F9 /* ClockApp.app */;
			productType = "com.apple.product-type.application";
		};
		B5FD86082F3A2C2D00268CEB /* ClockAppTests */ = {
			isa = PBXNativeTarget;
			buildConfigurationList = B5FD86112F3A2C2D00268CEB /* Build configuration list for PBXNativeTarget "ClockAppTests" */;
			buildPhases = (
				B5FD86052F3A2C2D00268CEB /* Sources */,
				B5FD86062F3A2C2D00268CEB /* Frameworks */,
				B5FD86072F3A2C2D00268CEB /* Resources */,
			);
			buildRules = (
			);
			dependencies = (
				B5FD860E2F3A2C2D00268CEB /* PBXTargetDependency */,
			);
			fileSystemSynchronizedGroups = (
				B5FD860A2F3A2C2D00268CEB /* ClockAppTests */,
			);
			name = ClockAppTests;
			packageProductDependencies = (
			);
			productName = ClockAppTests;
			productReference = B5FD86092F3A2C2D00268CEB /* ClockAppTests.xctest */;
			productType = "com.apple.product-type.bundle.unit-test";
		};
/* End PBXNativeTarget section */

/* Begin PBXProject section */
		B5DA87942F1FC723002700F9 /* Project object */ = {
			isa = PBXProject;
			attributes = {
				BuildIndependentTargetsInParallel = 1;
				LastSwiftUpdateCheck = 2630;
				LastUpgradeCheck = 2630;
				TargetAttributes = {
					B5C792D02F572DC800CCDA3A = {
						CreatedOnToolsVersion = 26.3;
					};
					B5DA879B2F1FC723002700F9 = {
						CreatedOnToolsVersion = 26.2;
					};
					B5FD86082F3A2C2D00268CEB = {
						CreatedOnToolsVersion = 26.3;
						TestTargetID = B5DA879B2F1FC723002700F9;
					};
				};
			};
			buildConfigurationList = B5DA87972F1FC723002700F9 /* Build configuration list for PBXProject "ClockApp" */;
			developmentRegion = en;
			hasScannedForEncodings = 0;
			knownRegions = (
				en,
				Base,
			);
			mainGroup = B5DA87932F1FC723002700F9;
			minimizedProjectReferenceProxies = 1;
			preferredProjectObjectVersion = 77;
			productRefGroup = B5DA879D2F1FC723002700F9 /* Products */;
			projectDirPath = "";
			projectRoot = "";
			targets = (
				B5DA879B2F1FC723002700F9 /* ClockApp */,
				B5FD86082F3A2C2D00268CEB /* ClockAppTests */,
				B5C792D02F572DC800CCDA3A /* TimerLiveActivityExtension */,
			);
		};
/* End PBXProject section */

/* Begin PBXResourcesBuildPhase section */
		B5C792CF2F572DC800CCDA3A /* Resources */ = {
			isa = PBXResourcesBuildPhase;
			buildActionMask = 2147483647;
			files = (
			);
			runOnlyForDeploymentPostprocessing = 0;
		};
		B5DA879A2F1FC723002700F9 /* Resources */ = {
			isa = PBXResourcesBuildPhase;
			buildActionMask = 2147483647;
			files = (
			);
			runOnlyForDeploymentPostprocessing = 0;
		};
		B5FD86072F3A2C2D00268CEB /* Resources */ = {
			isa = PBXResourcesBuildPhase;
			buildActionMask = 2147483647;
			files = (
			);
			runOnlyForDeploymentPostprocessing = 0;
		};
/* End PBXResourcesBuildPhase section */

/* Begin PBXSourcesBuildPhase section */
		B5C792CD2F572DC800CCDA3A /* Sources */ = {
			isa = PBXSourcesBuildPhase;
			buildActionMask = 2147483647;
			files = (
			);
			runOnlyForDeploymentPostprocessing = 0;
		};
		B5DA87982F1FC723002700F9 /* Sources */ = {
			isa = PBXSourcesBuildPhase;
			buildActionMask = 2147483647;
			files = (
			);
			runOnlyForDeploymentPostprocessing = 0;
		};
		B5FD86052F3A2C2D00268CEB /* Sources */ = {
			isa = PBXSourcesBuildPhase;
			buildActionMask = 2147483647;
			files = (
			);
			runOnlyForDeploymentPostprocessing = 0;
		};
/* End PBXSourcesBuildPhase section */

/* Begin PBXTargetDependency section */
		B5C792E22F572DCA00CCDA3A /* PBXTargetDependency */ = {
			isa = PBXTargetDependency;
			target = B5C792D02F572DC800CCDA3A /* TimerLiveActivityExtension */;
			targetProxy = B5C792E12F572DCA00CCDA3A /* PBXContainerItemProxy */;
		};
		B5FD860E2F3A2C2D00268CEB /* PBXTargetDependency */ = {
			isa = PBXTargetDependency;
			target = B5DA879B2F1FC723002700F9 /* ClockApp */;
			targetProxy = B5FD860D2F3A2C2D00268CEB /* PBXContainerItemProxy */;
		};
/* End PBXTargetDependency section */

/* Begin XCBuildConfiguration section */
		B5C792E62F572DCA00CCDA3A /* Debug */ = {
			isa = XCBuildConfiguration;
			buildSettings = {
				ASSETCATALOG_COMPILER_GLOBAL_ACCENT_COLOR_NAME = AccentColor;
				ASSETCATALOG_COMPILER_WIDGET_BACKGROUND_COLOR_NAME = WidgetBackground;
				CODE_SIGN_STYLE = Automatic;
				CURRENT_PROJECT_VERSION = 1;
				GENERATE_INFOPLIST_FILE = YES;
				INFOPLIST_FILE = TimerLiveActivity/Info.plist;
				INFOPLIST_KEY_CFBundleDisplayName = TimerLiveActivity;
				INFOPLIST_KEY_NSHumanReadableCopyright = "";
				LD_RUNPATH_SEARCH_PATHS = (
					"$(inherited)",
					"@executable_path/Frameworks",
					"@executable_path/../../Frameworks",
				);
				MARKETING_VERSION = 1.0;
				PRODUCT_BUNDLE_IDENTIFIER = com.stodoran.ClockProMax.TimerLiveActivity;
				PRODUCT_NAME = "$(TARGET_NAME)";
				SKIP_INSTALL = YES;
				STRING_CATALOG_GENERATE_SYMBOLS = YES;
				SWIFT_APPROACHABLE_CONCURRENCY = YES;
				SWIFT_EMIT_LOC_STRINGS = YES;
				SWIFT_UPCOMING_FEATURE_MEMBER_IMPORT_VISIBILITY = YES;
				SWIFT_VERSION = 6.0;
				TARGETED_DEVICE_FAMILY = "1,2";
			};
			name = Debug;
		};
		B5C792E72F572DCA00CCDA3A /* Release */ = {
			isa = XCBuildConfiguration;
			buildSettings = {
				ASSETCATALOG_COMPILER_GLOBAL_ACCENT_COLOR_NAME = AccentColor;
				ASSETCATALOG_COMPILER_WIDGET_BACKGROUND_COLOR_NAME = WidgetBackground;
				CODE_SIGN_STYLE = Automatic;
				CURRENT_PROJECT_VERSION = 1;
				GENERATE_INFOPLIST_FILE = YES;
				INFOPLIST_FILE = TimerLiveActivity/Info.plist;
				INFOPLIST_KEY_CFBundleDisplayName = TimerLiveActivity;
				INFOPLIST_KEY_NSHumanReadableCopyright = "";
				LD_RUNPATH_SEARCH_PATHS = (
					"$(inherited)",
					"@executable_path/Frameworks",
					"@executable_path/../../Frameworks",
				);
				MARKETING_VERSION = 1.0;
				PRODUCT_BUNDLE_IDENTIFIER = com.stodoran.ClockProMax.TimerLiveActivity;
				PRODUCT_NAME = "$(TARGET_NAME)";
				SKIP_INSTALL = YES;
				STRING_CATALOG_GENERATE_SYMBOLS = YES;
				SWIFT_APPROACHABLE_CONCURRENCY = YES;
				SWIFT_EMIT_LOC_STRINGS = YES;
				SWIFT_UPCOMING_FEATURE_MEMBER_IMPORT_VISIBILITY = YES;
				SWIFT_VERSION = 6.0;
				TARGETED_DEVICE_FAMILY = "1,2";
			};
			name = Release;
		};
		B5DA87A52F1FC724002700F9 /* Debug */ = {
			isa = XCBuildConfiguration;
			buildSettings = {
				ALWAYS_SEARCH_USER_PATHS = NO;
				ASSETCATALOG_COMPILER_GENERATE_SWIFT_ASSET_SYMBOL_EXTENSIONS = YES;
				CLANG_ANALYZER_NONNULL = YES;
				CLANG_ANALYZER_NUMBER_OBJECT_CONVERSION = YES_AGGRESSIVE;
				CLANG_CXX_LANGUAGE_STANDARD = "gnu++20";
				CLANG_ENABLE_MODULES = YES;
				CLANG_ENABLE_OBJC_ARC = YES;
				CLANG_ENABLE_OBJC_WEAK = YES;
				CLANG_WARN_BLOCK_CAPTURE_AUTORELEASING = YES;
				CLANG_WARN_BOOL_CONVERSION = YES;
				CLANG_WARN_COMMA = YES;
				CLANG_WARN_CONSTANT_CONVERSION = YES;
				CLANG_WARN_DEPRECATED_OBJC_IMPLEMENTATIONS = YES;
				CLANG_WARN_DIRECT_OBJC_ISA_USAGE = YES_ERROR;
				CLANG_WARN_DOCUMENTATION_COMMENTS = YES;
				CLANG_WARN_EMPTY_BODY = YES;
				CLANG_WARN_ENUM_CONVERSION = YES;
				CLANG_WARN_INFINITE_RECURSION = YES;
				CLANG_WARN_INT_CONVERSION = YES;
				CLANG_WARN_NON_LITERAL_NULL_CONVERSION = YES;
				CLANG_WARN_OBJC_IMPLICIT_RETAIN_SELF = YES;
				CLANG_WARN_OBJC_LITERAL_CONVERSION = YES;
				CLANG_WARN_OBJC_ROOT_CLASS = YES_ERROR;
				CLANG_WARN_QUOTED_INCLUDE_IN_FRAMEWORK_HEADER = YES;
				CLANG_WARN_RANGE_LOOP_ANALYSIS = YES;
				CLANG_WARN_STRICT_PROTOTYPES = YES;
				CLANG_WARN_SUSPICIOUS_MOVE = YES;
				CLANG_WARN_UNGUARDED_AVAILABILITY = YES_AGGRESSIVE;
				CLANG_WARN_UNREACHABLE_CODE = YES;
				CLANG_WARN__DUPLICATE_METHOD_MATCH = YES;
				COPY_PHASE_STRIP = NO;
				DEBUG_INFORMATION_FORMAT = dwarf;
				ENABLE_STRICT_OBJC_MSGSEND = YES;
				ENABLE_TESTABILITY = YES;
				ENABLE_USER_SCRIPT_SANDBOXING = YES;
				GCC_C_LANGUAGE_STANDARD = gnu17;
				GCC_DYNAMIC_NO_PIC = NO;
				GCC_NO_COMMON_BLOCKS = YES;
				GCC_OPTIMIZATION_LEVEL = 0;
				GCC_PREPROCESSOR_DEFINITIONS = (
					"DEBUG=1",
					"$(inherited)",
				);
				GCC_WARN_64_TO_32_BIT_CONVERSION = YES;
				GCC_WARN_ABOUT_RETURN_TYPE = YES_ERROR;
				GCC_WARN_UNDECLARED_SELECTOR = YES;
				GCC_WARN_UNINITIALIZED_AUTOS = YES_AGGRESSIVE;
				GCC_WARN_UNUSED_FUNCTION = YES;
				GCC_WARN_UNUSED_VARIABLE = YES;
				IPHONEOS_DEPLOYMENT_TARGET = 26.2;
				LOCALIZATION_PREFERS_STRING_CATALOGS = YES;
				MTL_ENABLE_DEBUG_INFO = INCLUDE_SOURCE;
				MTL_FAST_MATH = YES;
				ONLY_ACTIVE_ARCH = YES;
				SDKROOT = iphoneos;
				STRING_CATALOG_GENERATE_SYMBOLS = YES;
				SWIFT_ACTIVE_COMPILATION_CONDITIONS = "DEBUG $(inherited)";
				SWIFT_OPTIMIZATION_LEVEL = "-Onone";
			};
			name = Debug;
		};
		B5DA87A62F1FC724002700F9 /* Release */ = {
			isa = XCBuildConfiguration;
			buildSettings = {
				ALWAYS_SEARCH_USER_PATHS = NO;
				ASSETCATALOG_COMPILER_GENERATE_SWIFT_ASSET_SYMBOL_EXTENSIONS = YES;
				CLANG_ANALYZER_NONNULL = YES;
				CLANG_ANALYZER_NUMBER_OBJECT_CONVERSION = YES_AGGRESSIVE;
				CLANG_CXX_LANGUAGE_STANDARD = "gnu++20";
				CLANG_ENABLE_MODULES = YES;
				CLANG_ENABLE_OBJC_ARC = YES;
				CLANG_ENABLE_OBJC_WEAK = YES;
				CLANG_WARN_BLOCK_CAPTURE_AUTORELEASING = YES;
				CLANG_WARN_BOOL_CONVERSION = YES;
				CLANG_WARN_COMMA = YES;
				CLANG_WARN_CONSTANT_CONVERSION = YES;
				CLANG_WARN_DEPRECATED_OBJC_IMPLEMENTATIONS = YES;
				CLANG_WARN_DIRECT_OBJC_ISA_USAGE = YES_ERROR;
				CLANG_WARN_DOCUMENTATION_COMMENTS = YES;
				CLANG_WARN_EMPTY_BODY = YES;
				CLANG_WARN_ENUM_CONVERSION = YES;
				CLANG_WARN_INFINITE_RECURSION = YES;
				CLANG_WARN_INT_CONVERSION = YES;
				CLANG_WARN_NON_LITERAL_NULL_CONVERSION = YES;
				CLANG_WARN_OBJC_IMPLICIT_RETAIN_SELF = YES;
				CLANG_WARN_OBJC_LITERAL_CONVERSION = YES;
				CLANG_WARN_OBJC_ROOT_CLASS = YES_ERROR;
				CLANG_WARN_QUOTED_INCLUDE_IN_FRAMEWORK_HEADER = YES;
				CLANG_WARN_RANGE_LOOP_ANALYSIS = YES;
				CLANG_WARN_STRICT_PROTOTYPES = YES;
				CLANG_WARN_SUSPICIOUS_MOVE = YES;
				CLANG_WARN_UNGUARDED_AVAILABILITY = YES_AGGRESSIVE;
				CLANG_WARN_UNREACHABLE_CODE = YES;
				CLANG_WARN__DUPLICATE_METHOD_MATCH = YES;
				COPY_PHASE_STRIP = NO;
				DEBUG_INFORMATION_FORMAT = "dwarf-with-dsym";
				ENABLE_NS_ASSERTIONS = NO;
				ENABLE_STRICT_OBJC_MSGSEND = YES;
				ENABLE_USER_SCRIPT_SANDBOXING = YES;
				GCC_C_LANGUAGE_STANDARD = gnu17;
				GCC_NO_COMMON_BLOCKS = YES;
				GCC_WARN_64_TO_32_BIT_CONVERSION = YES;
				GCC_WARN_ABOUT_RETURN_TYPE = YES_ERROR;
				GCC_WARN_UNDECLARED_SELECTOR = YES;
				GCC_WARN_UNINITIALIZED_AUTOS = YES_AGGRESSIVE;
				GCC_WARN_UNUSED_FUNCTION = YES;
				GCC_WARN_UNUSED_VARIABLE = YES;
				IPHONEOS_DEPLOYMENT_TARGET = 26.2;
				LOCALIZATION_PREFERS_STRING_CATALOGS = YES;
				MTL_ENABLE_DEBUG_INFO = NO;
				MTL_FAST_MATH = YES;
				SDKROOT = iphoneos;
				STRING_CATALOG_GENERATE_SYMBOLS = YES;
				SWIFT_COMPILATION_MODE = wholemodule;
				VALIDATE_PRODUCT = YES;
			};
			name = Release;
		};
		B5DA87A82F1FC724002700F9 /* Debug */ = {
			isa = XCBuildConfiguration;
			buildSettings = {
				ASSETCATALOG_COMPILER_APPICON_NAME = AppIcon;
				ASSETCATALOG_COMPILER_GLOBAL_ACCENT_COLOR_NAME = AccentColor;
				CODE_SIGN_STYLE = Automatic;
				CURRENT_PROJECT_VERSION = 1;
				ENABLE_PREVIEWS = YES;
				GENERATE_INFOPLIST_FILE = YES;
				INFOPLIST_KEY_NSSupportsLiveActivities = YES;
				INFOPLIST_KEY_UIApplicationSceneManifest_Generation = YES;
				INFOPLIST_KEY_UIApplicationSupportsIndirectInputEvents = YES;
				INFOPLIST_KEY_UILaunchScreen_Generation = YES;
				INFOPLIST_KEY_UISupportedInterfaceOrientations = UIInterfaceOrientationPortrait;
				INFOPLIST_KEY_UISupportedInterfaceOrientations_iPad = "UIInterfaceOrientationLandscapeLeft UIInterfaceOrientationLandscapeRight UIInterfaceOrientationPortrait UIInterfaceOrientationPortraitUpsideDown";
				IPHONEOS_DEPLOYMENT_TARGET = 18.0;
				LD_RUNPATH_SEARCH_PATHS = (
					"$(inherited)",
					"@executable_path/Frameworks",
				);
				MARKETING_VERSION = 1.0;
				PRODUCT_BUNDLE_IDENTIFIER = com.stodoran.ClockProMax;
				PRODUCT_NAME = "$(TARGET_NAME)";
				STRING_CATALOG_GENERATE_SYMBOLS = YES;
				SUPPORTED_PLATFORMS = "iphoneos iphonesimulator";
				SUPPORTS_MACCATALYST = NO;
				SUPPORTS_MAC_DESIGNED_FOR_IPHONE_IPAD = NO;
				SUPPORTS_XR_DESIGNED_FOR_IPHONE_IPAD = NO;
				SWIFT_APPROACHABLE_CONCURRENCY = YES;
				SWIFT_DEFAULT_ACTOR_ISOLATION = MainActor;
				SWIFT_EMIT_LOC_STRINGS = YES;
				SWIFT_UPCOMING_FEATURE_MEMBER_IMPORT_VISIBILITY = YES;
				SWIFT_VERSION = 6.0;
				TARGETED_DEVICE_FAMILY = 1;
			};
			name = Debug;
		};
		B5DA87A92F1FC724002700F9 /* Release */ = {
			isa = XCBuildConfiguration;
			buildSettings = {
				ASSETCATALOG_COMPILER_APPICON_NAME = AppIcon;
				ASSETCATALOG_COMPILER_GLOBAL_ACCENT_COLOR_NAME = AccentColor;
				CODE_SIGN_STYLE = Automatic;
				CURRENT_PROJECT_VERSION = 1;
				ENABLE_PREVIEWS = YES;
				GENERATE_INFOPLIST_FILE = YES;
				INFOPLIST_KEY_NSSupportsLiveActivities = YES;
				INFOPLIST_KEY_UIApplicationSceneManifest_Generation = YES;
				INFOPLIST_KEY_UIApplicationSupportsIndirectInputEvents = YES;
				INFOPLIST_KEY_UILaunchScreen_Generation = YES;
				INFOPLIST_KEY_UISupportedInterfaceOrientations = UIInterfaceOrientationPortrait;
				INFOPLIST_KEY_UISupportedInterfaceOrientations_iPad = "UIInterfaceOrientationLandscapeLeft UIInterfaceOrientationLandscapeRight UIInterfaceOrientationPortrait UIInterfaceOrientationPortraitUpsideDown";
				IPHONEOS_DEPLOYMENT_TARGET = 18.0;
				LD_RUNPATH_SEARCH_PATHS = (
					"$(inherited)",
					"@executable_path/Frameworks",
				);
				MARKETING_VERSION = 1.0;
				PRODUCT_BUNDLE_IDENTIFIER = com.stodoran.ClockProMax;
				PRODUCT_NAME = "$(TARGET_NAME)";
				STRING_CATALOG_GENERATE_SYMBOLS = YES;
				SUPPORTED_PLATFORMS = "iphoneos iphonesimulator";
				SUPPORTS_MACCATALYST = NO;
				SUPPORTS_MAC_DESIGNED_FOR_IPHONE_IPAD = NO;
				SUPPORTS_XR_DESIGNED_FOR_IPHONE_IPAD = NO;
				SWIFT_APPROACHABLE_CONCURRENCY = YES;
				SWIFT_DEFAULT_ACTOR_ISOLATION = MainActor;
				SWIFT_EMIT_LOC_STRINGS = YES;
				SWIFT_UPCOMING_FEATURE_MEMBER_IMPORT_VISIBILITY = YES;
				SWIFT_VERSION = 6.0;
				TARGETED_DEVICE_FAMILY = 1;
			};
			name = Release;
		};
		B5FD860F2F3A2C2D00268CEB /* Debug */ = {
			isa = XCBuildConfiguration;
			buildSettings = {
				BUNDLE_LOADER = "$(TEST_HOST)";
				CODE_SIGN_STYLE = Automatic;
				CURRENT_PROJECT_VERSION = 1;
				GENERATE_INFOPLIST_FILE = YES;
				MARKETING_VERSION = 1.0;
				PRODUCT_BUNDLE_IDENTIFIER = com.stodoran.ClockProMax.Tests;
				PRODUCT_NAME = "$(TARGET_NAME)";
				STRING_CATALOG_GENERATE_SYMBOLS = NO;
				SWIFT_APPROACHABLE_CONCURRENCY = YES;
				SWIFT_EMIT_LOC_STRINGS = NO;
				SWIFT_UPCOMING_FEATURE_MEMBER_IMPORT_VISIBILITY = YES;
				SWIFT_VERSION = 6.0;
				TARGETED_DEVICE_FAMILY = "1,2";
				TEST_HOST = "$(BUILT_PRODUCTS_DIR)/ClockApp.app/$(BUNDLE_EXECUTABLE_FOLDER_PATH)/ClockApp";
			};
			name = Debug;
		};
		B5FD86102F3A2C2D00268CEB /* Release */ = {
			isa = XCBuildConfiguration;
			buildSettings = {
				BUNDLE_LOADER = "$(TEST_HOST)";
				CODE_SIGN_STYLE = Automatic;
				CURRENT_PROJECT_VERSION = 1;
				GENERATE_INFOPLIST_FILE = YES;
				MARKETING_VERSION = 1.0;
				PRODUCT_BUNDLE_IDENTIFIER = com.stodoran.ClockProMax.Tests;
				PRODUCT_NAME = "$(TARGET_NAME)";
				STRING_CATALOG_GENERATE_SYMBOLS = NO;
				SWIFT_APPROACHABLE_CONCURRENCY = YES;
				SWIFT_EMIT_LOC_STRINGS = NO;
				SWIFT_UPCOMING_FEATURE_MEMBER_IMPORT_VISIBILITY = YES;
				SWIFT_VERSION = 6.0;
				TARGETED_DEVICE_FAMILY = "1,2";
				TEST_HOST = "$(BUILT_PRODUCTS_DIR)/ClockApp.app/$(BUNDLE_EXECUTABLE_FOLDER_PATH)/ClockApp";
			};
			name = Release;
		};
/* End XCBuildConfiguration section */

/* Begin XCConfigurationList section */
		B5C792E52F572DCA00CCDA3A /* Build configuration list for PBXNativeTarget "TimerLiveActivityExtension" */ = {
			isa = XCConfigurationList;
			buildConfigurations = (
				B5C792E62F572DCA00CCDA3A /* Debug */,
				B5C792E72F572DCA00CCDA3A /* Release */,
			);
			defaultConfigurationIsVisible = 0;
			defaultConfigurationName = Release;
		};
		B5DA87972F1FC723002700F9 /* Build configuration list for PBXProject "ClockApp" */ = {
			isa = XCConfigurationList;
			buildConfigurations = (
				B5DA87A52F1FC724002700F9 /* Debug */,
				B5DA87A62F1FC724002700F9 /* Release */,
			);
			defaultConfigurationIsVisible = 0;
			defaultConfigurationName = Release;
		};
		B5DA87A72F1FC724002700F9 /* Build configuration list for PBXNativeTarget "ClockApp" */ = {
			isa = XCConfigurationList;
			buildConfigurations = (
				B5DA87A82F1FC724002700F9 /* Debug */,
				B5DA87A92F1FC724002700F9 /* Release */,
			);
			defaultConfigurationIsVisible = 0;
			defaultConfigurationName = Release;
		};
		B5FD86112F3A2C2D00268CEB /* Build configuration list for PBXNativeTarget "ClockAppTests" */ = {
			isa = XCConfigurationList;
			buildConfigurations = (
				B5FD860F2F3A2C2D00268CEB /* Debug */,
				B5FD86102F3A2C2D00268CEB /* Release */,
			);
			defaultConfigurationIsVisible = 0;
			defaultConfigurationName = Release;
		};
/* End XCConfigurationList section */
	};
	rootObject = B5DA87942F1FC723002700F9 /* Project object */;
}
